
Microsoft Visual Studio Solution File, Format Version 12.00
# Visual Studio 15
VisualStudioVersion = 15.0.27703.2035
MinimumVisualStudioVersion = 10.0.40219.1
Project("{8BC9CEB8-8B4A-11D0-8D11-00A0C91BC942}") = "canal_TouCAN", "canal_se.vcxproj", "{7F362A6A-5932-445A-9DEF-01654AE973FB}"
EndProject
Project("{2150E333-8FDC-42A3-9474-1A3956D46DE8}") = "Solution Items", "Solution Items", "{3B0B2558-8962-428F-9051-BE15AB1E36A1}"
EndProject
Global
	GlobalSection(SolutionConfigurationPlatforms) = preSolution
		Debug|x64 = Debug|x64
		Debug|x86 = Debug|x86
		Release|x64 = Release|x64
		Release|x86 = Release|x86
	EndGlobalSection
	GlobalSection(ProjectConfigurationPlatforms) = postSolution
		{7F362A6A-5932-445A-9DEF-01654AE973FB}.Debug|x64.ActiveCfg = Debug|x64
		{7F362A6A-5932-445A-9DEF-01654AE973FB}.Debug|x64.Build.0 = Debug|x64
		{7F362A6A-5932-445A-9DEF-01654AE973FB}.Debug|x86.ActiveCfg = Debug|Win32
		{7F362A6A-5932-445A-9DEF-01654AE973FB}.Debug|x86.Build.0 = Debug|Win32
		{7F362A6A-5932-445A-9DEF-01654AE973FB}.Release|x64.ActiveCfg = Release|x64
		{7F362A6A-5932-445A-9DEF-01654AE973FB}.Release|x64.Build.0 = Release|x64
		{7F362A6A-5932-445A-9DEF-01654AE973FB}.Release|x86.ActiveCfg = Release|Win32
		{7F362A6A-5932-445A-9DEF-01654AE973FB}.Release|x86.Build.0 = Release|Win32
	EndGlobalSection
	GlobalSection(SolutionProperties) = preSolution
		HideSolutionNode = FALSE
	EndGlobalSection
	GlobalSection(NestedProjects) = preSolution
		{7F362A6A-5932-445A-9DEF-01654AE973FB} = {3B0B2558-8962-428F-9051-BE15AB1E36A1}
	EndGlobalSection
	GlobalSection(ExtensibilityGlobals) = postSolution
		SolutionGuid = {60EB9BAC-B7C7-4CF4-BE9F-63E38519CA1D}
	EndGlobalSection
	GlobalSection(Performance) = preSolution
		HasPerformanceSessions = true
	EndGlobalSection
	GlobalSection(Performance) = preSolution
		HasPerformanceSessions = true
	EndGlobalSection
EndGlobal
